
Microsoft Visual Studio Solution File, Format Version 12.00
# Visual Studio Version 16
VisualStudioVersion = 16.0.29911.84
MinimumVisualStudioVersion = 10.0.40219.1
Project("{9A19103F-16F7-4668-BE54-9A1E7A4F7556}") = "libs", "libs\libs.csproj", "{4EB51321-FF0C-4846-9D24-20B8414C38B1}"
EndProject
Project("{2150E333-8FDC-42A3-9474-1A3956D46DE8}") = "Solution Items", "Solution Items", "{5E0959BD-694C-46FC-8DA4-425968520E17}"
	ProjectSection(SolutionItems) = preProject
		..\README.md = ..\README.md
	EndProjectSection
EndProject
Project("{9A19103F-16F7-4668-BE54-9A1E7A4F7556}") = "WebServer", "ConsoleApp1\WebServer.csproj", "{8391FCE9-472F-4613-8AA9-B985B0982753}"
EndProject
Global
	GlobalSection(SolutionConfigurationPlatforms) = preSolution
		Debug|Any CPU = Debug|Any CPU
		Release|Any CPU = Release|Any CPU
	EndGlobalSection
	GlobalSection(ProjectConfigurationPlatforms) = postSolution
		{4EB51321-FF0C-4846-9D24-20B8414C38B1}.Debug|Any CPU.ActiveCfg = Debug|Any CPU
		{4EB51321-FF0C-4846-9D24-20B8414C38B1}.Debug|Any CPU.Build.0 = Debug|Any CPU
		{4EB51321-FF0C-4846-9D24-20B8414C38B1}.Release|Any CPU.ActiveCfg = Release|Any CPU
		{4EB51321-FF0C-4846-9D24-20B8414C38B1}.Release|Any CPU.Build.0 = Release|Any CPU
		{8391FCE9-472F-4613-8AA9-B985B0982753}.Debug|Any CPU.ActiveCfg = Debug|Any CPU
		{8391FCE9-472F-4613-8AA9-B985B0982753}.Debug|Any CPU.Build.0 = Debug|Any CPU
		{8391FCE9-472F-4613-8AA9-B985B0982753}.Release|Any CPU.ActiveCfg = Release|Any CPU
		{8391FCE9-472F-4613-8AA9-B985B0982753}.Release|Any CPU.Build.0 = Release|Any CPU
	EndGlobalSection
	GlobalSection(SolutionProperties) = preSolution
		HideSolutionNode = FALSE
	EndGlobalSection
	GlobalSection(ExtensibilityGlobals) = postSolution
		SolutionGuid = {8DFF2960-DFB3-4569-85BF-F3098837D5E5}
	EndGlobalSection
EndGlobal
